
Microsoft Visual Studio Solution File, Format Version 12.00
# Visual Studio Version 17
VisualStudioVersion = 17.5.33516.290
MinimumVisualStudioVersion = 10.0.40219.1
Project("{FAE04EC0-301F-11D3-BF4B-00C04F79EFBC}") = "3.C#工厂方法模式", "3.C#工厂方法模式\3.C#工厂方法模式.csproj", "{F42EC804-8A62-4878-8550-300BF878BA71}"
EndProject
Project("{FAE04EC0-301F-11D3-BF4B-00C04F79EFBC}") = "4.C#抽象工厂模式", "4.C#抽象工厂模式\4.C#抽象工厂模式.csproj", "{D02B5AD3-F63D-4E7E-AB24-A7EAD98EE661}"
EndProject
Project("{FAE04EC0-301F-11D3-BF4B-00C04F79EFBC}") = "5.C#建造者模式", "5.C#建造者模式\5.C#建造者模式.csproj", "{8A171786-9C94-4D2C-83C8-B2FB866AE320}"
EndProject
Project("{FAE04EC0-301F-11D3-BF4B-00C04F79EFBC}") = "6.C#原型模式", "6.C#单例模式\6.C#原型模式.csproj", "{93F2F992-8731-4325-8906-FDD954BBB0DF}"
EndProject
Project("{FAE04EC0-301F-11D3-BF4B-00C04F79EFBC}") = "TestForDesign", "TestForDesign\TestForDesign.csproj", "{A140397E-4A83-4B42-9A0F-5A4DB6062D56}"
EndProject
Project("{FAE04EC0-301F-11D3-BF4B-00C04F79EFBC}") = "7.C#适配器模式", "7. C#适配器模式\7.C#适配器模式.csproj", "{FFD4738C-F423-4792-B399-85986EBA1EEA}"
EndProject
Project("{FAE04EC0-301F-11D3-BF4B-00C04F79EFBC}") = "8.C#桥接模式", "8.C#桥接模式\8.C#桥接模式.csproj", "{293C6D94-4DA6-4891-A898-1656B8079E15}"
EndProject
Project("{FAE04EC0-301F-11D3-BF4B-00C04F79EFBC}") = "9.C#装饰者模式", "9.C#装饰者模式\9.C#装饰者模式.csproj", "{41059B3F-265D-4232-BB10-72328C4EB176}"
EndProject
Project("{FAE04EC0-301F-11D3-BF4B-00C04F79EFBC}") = "10.C#组合模式", "10.C#组合模式\10.C#组合模式.csproj", "{68850FB3-96CD-430E-8A5C-36F86D41D5CD}"
EndProject
Project("{FAE04EC0-301F-11D3-BF4B-00C04F79EFBC}") = "1.C#单例模式", "1.C#单例模式\1.C#单例模式.csproj", "{E5FDA6E4-E33F-44BE-9882-4584B352BCCB}"
EndProject
Project("{FAE04EC0-301F-11D3-BF4B-00C04F79EFBC}") = "2.C#简单工厂模式", "2.C#简单工厂模式\2.C#简单工厂模式.csproj", "{AC984EDE-E74D-45D2-A64C-0978C258EC38}"
EndProject
Project("{FAE04EC0-301F-11D3-BF4B-00C04F79EFBC}") = "11.C#外观模式", "11.C#外观模式\11.C#外观模式.csproj", "{20D91B1F-2927-4F37-8B40-B1449740A159}"
EndProject
Project("{FAE04EC0-301F-11D3-BF4B-00C04F79EFBC}") = "13.C#代理模式", "13.C#代理模式\13.C#代理模式.csproj", "{7BB44A63-BE18-4075-B338-F62F3AE609D5}"
EndProject
Project("{FAE04EC0-301F-11D3-BF4B-00C04F79EFBC}") = "14.C#模板方法模式", "14.C#模板方法模式\14.C#模板方法模式.csproj", "{98022C96-C498-491C-BF14-BCA762DB214B}"
EndProject
Project("{FAE04EC0-301F-11D3-BF4B-00C04F79EFBC}") = "15.C#命令模式", "15.C#命令模式\15.C#命令模式.csproj", "{5389F681-D21D-48FE-A8CC-120FAB6D8AD2}"
EndProject
Project("{FAE04EC0-301F-11D3-BF4B-00C04F79EFBC}") = "12.C#享元模式", "12.C#享元模式\12.C#享元模式.csproj", "{59F73AF0-4ED4-49D3-AD35-956987F2FC8D}"
EndProject
Project("{FAE04EC0-301F-11D3-BF4B-00C04F79EFBC}") = "16.C#迭代器模式", "16.C#迭代器模式\16.C#迭代器模式.csproj", "{9239EA1A-5DAF-4492-969D-7B2E0605B19E}"
EndProject
Global
	GlobalSection(SolutionConfigurationPlatforms) = preSolution
		Debug|Any CPU = Debug|Any CPU
		Release|Any CPU = Release|Any CPU
	EndGlobalSection
	GlobalSection(ProjectConfigurationPlatforms) = postSolution
		{F42EC804-8A62-4878-8550-300BF878BA71}.Debug|Any CPU.ActiveCfg = Debug|Any CPU
		{F42EC804-8A62-4878-8550-300BF878BA71}.Debug|Any CPU.Build.0 = Debug|Any CPU
		{F42EC804-8A62-4878-8550-300BF878BA71}.Release|Any CPU.ActiveCfg = Release|Any CPU
		{F42EC804-8A62-4878-8550-300BF878BA71}.Release|Any CPU.Build.0 = Release|Any CPU
		{D02B5AD3-F63D-4E7E-AB24-A7EAD98EE661}.Debug|Any CPU.ActiveCfg = Debug|Any CPU
		{D02B5AD3-F63D-4E7E-AB24-A7EAD98EE661}.Debug|Any CPU.Build.0 = Debug|Any CPU
		{D02B5AD3-F63D-4E7E-AB24-A7EAD98EE661}.Release|Any CPU.ActiveCfg = Release|Any CPU
		{D02B5AD3-F63D-4E7E-AB24-A7EAD98EE661}.Release|Any CPU.Build.0 = Release|Any CPU
		{8A171786-9C94-4D2C-83C8-B2FB866AE320}.Debug|Any CPU.ActiveCfg = Debug|Any CPU
		{8A171786-9C94-4D2C-83C8-B2FB866AE320}.Debug|Any CPU.Build.0 = Debug|Any CPU
		{8A171786-9C94-4D2C-83C8-B2FB866AE320}.Release|Any CPU.ActiveCfg = Release|Any CPU
		{8A171786-9C94-4D2C-83C8-B2FB866AE320}.Release|Any CPU.Build.0 = Release|Any CPU
		{93F2F992-8731-4325-8906-FDD954BBB0DF}.Debug|Any CPU.ActiveCfg = Debug|Any CPU
		{93F2F992-8731-4325-8906-FDD954BBB0DF}.Debug|Any CPU.Build.0 = Debug|Any CPU
		{93F2F992-8731-4325-8906-FDD954BBB0DF}.Release|Any CPU.ActiveCfg = Release|Any CPU
		{93F2F992-8731-4325-8906-FDD954BBB0DF}.Release|Any CPU.Build.0 = Release|Any CPU
		{A140397E-4A83-4B42-9A0F-5A4DB6062D56}.Debug|Any CPU.ActiveCfg = Debug|Any CPU
		{A140397E-4A83-4B42-9A0F-5A4DB6062D56}.Debug|Any CPU.Build.0 = Debug|Any CPU
		{A140397E-4A83-4B42-9A0F-5A4DB6062D56}.Release|Any CPU.ActiveCfg = Release|Any CPU
		{A140397E-4A83-4B42-9A0F-5A4DB6062D56}.Release|Any CPU.Build.0 = Release|Any CPU
		{FFD4738C-F423-4792-B399-85986EBA1EEA}.Debug|Any CPU.ActiveCfg = Debug|Any CPU
		{FFD4738C-F423-4792-B399-85986EBA1EEA}.Debug|Any CPU.Build.0 = Debug|Any CPU
		{FFD4738C-F423-4792-B399-85986EBA1EEA}.Release|Any CPU.ActiveCfg = Release|Any CPU
		{FFD4738C-F423-4792-B399-85986EBA1EEA}.Release|Any CPU.Build.0 = Release|Any CPU
		{293C6D94-4DA6-4891-A898-1656B8079E15}.Debug|Any CPU.ActiveCfg = Debug|Any CPU
		{293C6D94-4DA6-4891-A898-1656B8079E15}.Debug|Any CPU.Build.0 = Debug|Any CPU
		{293C6D94-4DA6-4891-A898-1656B8079E15}.Release|Any CPU.ActiveCfg = Release|Any CPU
		{293C6D94-4DA6-4891-A898-1656B8079E15}.Release|Any CPU.Build.0 = Release|Any CPU
		{41059B3F-265D-4232-BB10-72328C4EB176}.Debug|Any CPU.ActiveCfg = Debug|Any CPU
		{41059B3F-265D-4232-BB10-72328C4EB176}.Debug|Any CPU.Build.0 = Debug|Any CPU
		{41059B3F-265D-4232-BB10-72328C4EB176}.Release|Any CPU.ActiveCfg = Release|Any CPU
		{41059B3F-265D-4232-BB10-72328C4EB176}.Release|Any CPU.Build.0 = Release|Any CPU
		{68850FB3-96CD-430E-8A5C-36F86D41D5CD}.Debug|Any CPU.ActiveCfg = Debug|Any CPU
		{68850FB3-96CD-430E-8A5C-36F86D41D5CD}.Debug|Any CPU.Build.0 = Debug|Any CPU
		{68850FB3-96CD-430E-8A5C-36F86D41D5CD}.Release|Any CPU.ActiveCfg = Release|Any CPU
		{68850FB3-96CD-430E-8A5C-36F86D41D5CD}.Release|Any CPU.Build.0 = Release|Any CPU
		{E5FDA6E4-E33F-44BE-9882-4584B352BCCB}.Debug|Any CPU.ActiveCfg = Debug|Any CPU
		{E5FDA6E4-E33F-44BE-9882-4584B352BCCB}.Debug|Any CPU.Build.0 = Debug|Any CPU
		{E5FDA6E4-E33F-44BE-9882-4584B352BCCB}.Release|Any CPU.ActiveCfg = Release|Any CPU
		{E5FDA6E4-E33F-44BE-9882-4584B352BCCB}.Release|Any CPU.Build.0 = Release|Any CPU
		{AC984EDE-E74D-45D2-A64C-0978C258EC38}.Debug|Any CPU.ActiveCfg = Debug|Any CPU
		{AC984EDE-E74D-45D2-A64C-0978C258EC38}.Debug|Any CPU.Build.0 = Debug|Any CPU
		{AC984EDE-E74D-45D2-A64C-0978C258EC38}.Release|Any CPU.ActiveCfg = Release|Any CPU
		{AC984EDE-E74D-45D2-A64C-0978C258EC38}.Release|Any CPU.Build.0 = Release|Any CPU
		{20D91B1F-2927-4F37-8B40-B1449740A159}.Debug|Any CPU.ActiveCfg = Debug|Any CPU
		{20D91B1F-2927-4F37-8B40-B1449740A159}.Debug|Any CPU.Build.0 = Debug|Any CPU
		{20D91B1F-2927-4F37-8B40-B1449740A159}.Release|Any CPU.ActiveCfg = Release|Any CPU
		{20D91B1F-2927-4F37-8B40-B1449740A159}.Release|Any CPU.Build.0 = Release|Any CPU
		{7BB44A63-BE18-4075-B338-F62F3AE609D5}.Debug|Any CPU.ActiveCfg = Debug|Any CPU
		{7BB44A63-BE18-4075-B338-F62F3AE609D5}.Debug|Any CPU.Build.0 = Debug|Any CPU
		{7BB44A63-BE18-4075-B338-F62F3AE609D5}.Release|Any CPU.ActiveCfg = Release|Any CPU
		{7BB44A63-BE18-4075-B338-F62F3AE609D5}.Release|Any CPU.Build.0 = Release|Any CPU
		{98022C96-C498-491C-BF14-BCA762DB214B}.Debug|Any CPU.ActiveCfg = Debug|Any CPU
		{98022C96-C498-491C-BF14-BCA762DB214B}.Debug|Any CPU.Build.0 = Debug|Any CPU
		{98022C96-C498-491C-BF14-BCA762DB214B}.Release|Any CPU.ActiveCfg = Release|Any CPU
		{98022C96-C498-491C-BF14-BCA762DB214B}.Release|Any CPU.Build.0 = Release|Any CPU
		{5389F681-D21D-48FE-A8CC-120FAB6D8AD2}.Debug|Any CPU.ActiveCfg = Debug|Any CPU
		{5389F681-D21D-48FE-A8CC-120FAB6D8AD2}.Debug|Any CPU.Build.0 = Debug|Any CPU
		{5389F681-D21D-48FE-A8CC-120FAB6D8AD2}.Release|Any CPU.ActiveCfg = Release|Any CPU
		{5389F681-D21D-48FE-A8CC-120FAB6D8AD2}.Release|Any CPU.Build.0 = Release|Any CPU
		{59F73AF0-4ED4-49D3-AD35-956987F2FC8D}.Debug|Any CPU.ActiveCfg = Debug|Any CPU
		{59F73AF0-4ED4-49D3-AD35-956987F2FC8D}.Debug|Any CPU.Build.0 = Debug|Any CPU
		{59F73AF0-4ED4-49D3-AD35-956987F2FC8D}.Release|Any CPU.ActiveCfg = Release|Any CPU
		{59F73AF0-4ED4-49D3-AD35-956987F2FC8D}.Release|Any CPU.Build.0 = Release|Any CPU
		{9239EA1A-5DAF-4492-969D-7B2E0605B19E}.Debug|Any CPU.ActiveCfg = Debug|Any CPU
		{9239EA1A-5DAF-4492-969D-7B2E0605B19E}.Debug|Any CPU.Build.0 = Debug|Any CPU
		{9239EA1A-5DAF-4492-969D-7B2E0605B19E}.Release|Any CPU.ActiveCfg = Release|Any CPU
		{9239EA1A-5DAF-4492-969D-7B2E0605B19E}.Release|Any CPU.Build.0 = Release|Any CPU
	EndGlobalSection
	GlobalSection(SolutionProperties) = preSolution
		HideSolutionNode = FALSE
	EndGlobalSection
	GlobalSection(ExtensibilityGlobals) = postSolution
		SolutionGuid = {AA955B93-082D-4712-B37C-C604D0EA7DF0}
	EndGlobalSection
EndGlobal
